
<<<<<<< HEAD
Microsoft Visual Studio Solution File, Format Version 11.00
# Visual Studio 2010
Project("{FAE04EC0-301F-11D3-BF4B-00C04F79EFBC}") = "DroneEscape 2.0", "Assembly-CSharp.csproj", "{909DB6C6-22A5-71C9-09AB-0BB38FAA24AD}"
EndProject
Project("{FAE04EC0-301F-11D3-BF4B-00C04F79EFBC}") = "DroneEscape 2.0", "Assembly-CSharp-firstpass.csproj", "{94470EFD-83DF-3BCB-3C61-0F864F991878}"
EndProject
Project("{FAE04EC0-301F-11D3-BF4B-00C04F79EFBC}") = "DroneEscape 2.0", "Assembly-CSharp-Editor.csproj", "{4EFEDABB-9161-B5C2-27EC-A3EFD7EFAD9F}"
EndProject
Project("{FAE04EC0-301F-11D3-BF4B-00C04F79EFBC}") = "DroneEscape 2.0", "Assembly-CSharp-Editor-firstpass.csproj", "{8C2777A8-2B9B-7798-7E74-2D2FF2184E74}"
=======
Microsoft Visual Studio Solution File, Format Version 12.00
<<<<<<< HEAD
# Visual Studio 2017
=======
# Visual Studio 2015
>>>>>>> 8af39e46cc78ffe21cf707845f128a279070615a
Project("{FAE04EC0-301F-11D3-BF4B-00C04F79EFBC}") = "DroneEscape 2.0", "DroneEscape 2.0.csproj", "{413AA165-0A3B-7910-1058-123867F2562E}"
EndProject
Project("{FAE04EC0-301F-11D3-BF4B-00C04F79EFBC}") = "DroneEscape 2.0.Plugins", "DroneEscape 2.0.Plugins.csproj", "{421516EE-775E-8F79-D069-772E7DF064AE}"
EndProject
Project("{FAE04EC0-301F-11D3-BF4B-00C04F79EFBC}") = "DroneEscape 2.0.Editor", "DroneEscape 2.0.Editor.csproj", "{00D9F188-4102-BE60-5306-40746AB0EFFC}"
>>>>>>> 330604bbe3464567d0a55ae5c7f3db9bf7feebbd
EndProject
Project("{FAE04EC0-301F-11D3-BF4B-00C04F79EFBC}") = "DroneEscape 2.0.Editor.Plugins", "DroneEscape 2.0.Editor.Plugins.csproj", "{8FBB8C47-3763-12EC-F009-85CB77DF2276}"
EndProject
Global
	GlobalSection(SolutionConfigurationPlatforms) = preSolution
		Debug|Any CPU = Debug|Any CPU
		Release|Any CPU = Release|Any CPU
	EndGlobalSection
	GlobalSection(ProjectConfigurationPlatforms) = postSolution
<<<<<<< HEAD
		{909DB6C6-22A5-71C9-09AB-0BB38FAA24AD}.Debug|Any CPU.ActiveCfg = Debug|Any CPU
		{909DB6C6-22A5-71C9-09AB-0BB38FAA24AD}.Debug|Any CPU.Build.0 = Debug|Any CPU
		{909DB6C6-22A5-71C9-09AB-0BB38FAA24AD}.Release|Any CPU.ActiveCfg = Release|Any CPU
		{909DB6C6-22A5-71C9-09AB-0BB38FAA24AD}.Release|Any CPU.Build.0 = Release|Any CPU
		{94470EFD-83DF-3BCB-3C61-0F864F991878}.Debug|Any CPU.ActiveCfg = Debug|Any CPU
		{94470EFD-83DF-3BCB-3C61-0F864F991878}.Debug|Any CPU.Build.0 = Debug|Any CPU
		{94470EFD-83DF-3BCB-3C61-0F864F991878}.Release|Any CPU.ActiveCfg = Release|Any CPU
		{94470EFD-83DF-3BCB-3C61-0F864F991878}.Release|Any CPU.Build.0 = Release|Any CPU
		{4EFEDABB-9161-B5C2-27EC-A3EFD7EFAD9F}.Debug|Any CPU.ActiveCfg = Debug|Any CPU
		{4EFEDABB-9161-B5C2-27EC-A3EFD7EFAD9F}.Debug|Any CPU.Build.0 = Debug|Any CPU
		{4EFEDABB-9161-B5C2-27EC-A3EFD7EFAD9F}.Release|Any CPU.ActiveCfg = Release|Any CPU
		{4EFEDABB-9161-B5C2-27EC-A3EFD7EFAD9F}.Release|Any CPU.Build.0 = Release|Any CPU
		{8C2777A8-2B9B-7798-7E74-2D2FF2184E74}.Debug|Any CPU.ActiveCfg = Debug|Any CPU
		{8C2777A8-2B9B-7798-7E74-2D2FF2184E74}.Debug|Any CPU.Build.0 = Debug|Any CPU
		{8C2777A8-2B9B-7798-7E74-2D2FF2184E74}.Release|Any CPU.ActiveCfg = Release|Any CPU
		{8C2777A8-2B9B-7798-7E74-2D2FF2184E74}.Release|Any CPU.Build.0 = Release|Any CPU
=======
		{413AA165-0A3B-7910-1058-123867F2562E}.Debug|Any CPU.ActiveCfg = Debug|Any CPU
		{413AA165-0A3B-7910-1058-123867F2562E}.Debug|Any CPU.Build.0 = Debug|Any CPU
		{413AA165-0A3B-7910-1058-123867F2562E}.Release|Any CPU.ActiveCfg = Release|Any CPU
		{413AA165-0A3B-7910-1058-123867F2562E}.Release|Any CPU.Build.0 = Release|Any CPU
		{421516EE-775E-8F79-D069-772E7DF064AE}.Debug|Any CPU.ActiveCfg = Debug|Any CPU
		{421516EE-775E-8F79-D069-772E7DF064AE}.Debug|Any CPU.Build.0 = Debug|Any CPU
		{421516EE-775E-8F79-D069-772E7DF064AE}.Release|Any CPU.ActiveCfg = Release|Any CPU
		{421516EE-775E-8F79-D069-772E7DF064AE}.Release|Any CPU.Build.0 = Release|Any CPU
		{00D9F188-4102-BE60-5306-40746AB0EFFC}.Debug|Any CPU.ActiveCfg = Debug|Any CPU
		{00D9F188-4102-BE60-5306-40746AB0EFFC}.Debug|Any CPU.Build.0 = Debug|Any CPU
		{00D9F188-4102-BE60-5306-40746AB0EFFC}.Release|Any CPU.ActiveCfg = Release|Any CPU
		{00D9F188-4102-BE60-5306-40746AB0EFFC}.Release|Any CPU.Build.0 = Release|Any CPU
		{8FBB8C47-3763-12EC-F009-85CB77DF2276}.Debug|Any CPU.ActiveCfg = Debug|Any CPU
		{8FBB8C47-3763-12EC-F009-85CB77DF2276}.Debug|Any CPU.Build.0 = Debug|Any CPU
		{8FBB8C47-3763-12EC-F009-85CB77DF2276}.Release|Any CPU.ActiveCfg = Release|Any CPU
		{8FBB8C47-3763-12EC-F009-85CB77DF2276}.Release|Any CPU.Build.0 = Release|Any CPU
>>>>>>> 330604bbe3464567d0a55ae5c7f3db9bf7feebbd
	EndGlobalSection
	GlobalSection(SolutionProperties) = preSolution
		HideSolutionNode = FALSE
	EndGlobalSection
	GlobalSection(MonoDevelopProperties) = preSolution
		StartupItem = Assembly-CSharp.csproj
	EndGlobalSection
EndGlobal
