
Microsoft Visual Studio Solution File, Format Version 12.00
# Visual Studio 2017
Project("{FAE04EC0-301F-11D3-BF4B-00C04F79EFBC}") = "DroneEscape 2.0", "DroneEscape 2.0.csproj", "{413AA165-0A3B-7910-1058-123867F2562E}"
EndProject
Project("{FAE04EC0-301F-11D3-BF4B-00C04F79EFBC}") = "DroneEscape 2.0.Editor", "DroneEscape 2.0.Editor.csproj", "{00D9F188-4102-BE60-5306-40746AB0EFFC}"
EndProject
Global
	GlobalSection(SolutionConfigurationPlatforms) = preSolution
		Debug|Any CPU = Debug|Any CPU
		Release|Any CPU = Release|Any CPU
	EndGlobalSection
	GlobalSection(ProjectConfigurationPlatforms) = postSolution
		{413AA165-0A3B-7910-1058-123867F2562E}.Debug|Any CPU.ActiveCfg = Debug|Any CPU
		{413AA165-0A3B-7910-1058-123867F2562E}.Debug|Any CPU.Build.0 = Debug|Any CPU
		{413AA165-0A3B-7910-1058-123867F2562E}.Release|Any CPU.ActiveCfg = Release|Any CPU
		{413AA165-0A3B-7910-1058-123867F2562E}.Release|Any CPU.Build.0 = Release|Any CPU
		{00D9F188-4102-BE60-5306-40746AB0EFFC}.Debug|Any CPU.ActiveCfg = Debug|Any CPU
		{00D9F188-4102-BE60-5306-40746AB0EFFC}.Debug|Any CPU.Build.0 = Debug|Any CPU
		{00D9F188-4102-BE60-5306-40746AB0EFFC}.Release|Any CPU.ActiveCfg = Release|Any CPU
		{00D9F188-4102-BE60-5306-40746AB0EFFC}.Release|Any CPU.Build.0 = Release|Any CPU
	EndGlobalSection
	GlobalSection(SolutionProperties) = preSolution
		HideSolutionNode = FALSE
	EndGlobalSection
EndGlobal
